
Microsoft Visual Studio Solution File, Format Version 12.00
# Visual Studio 14
VisualStudioVersion = 14.0.25420.1
MinimumVisualStudioVersion = 10.0.40219.1
Project("{FAE04EC0-301F-11D3-BF4B-00C04F79EFBC}") = "DrinkPlanerModel", "DrinkPlanerModel\DrinkPlanerModel.csproj", "{67F9D3A8-F71E-4428-913F-C37AE82CDB24}"
EndProject
Project("{FAE04EC0-301F-11D3-BF4B-00C04F79EFBC}") = "DrinkPlanerWebservice", "DrinkPlanerWebservice\DrinkPlanerWebservice.csproj", "{82E7C43B-BB8E-4249-BF0D-186D91C4B7E7}"
EndProject
Project("{FAE04EC0-301F-11D3-BF4B-00C04F79EFBC}") = "DrinkPlanerApp.Android", "DrinkPlanerApp\DrinkPlanerApp.Android\DrinkPlanerApp.Android.csproj", "{F4720C03-F250-4D0A-9B2E-9F1A2B971D73}"
EndProject
Project("{FAE04EC0-301F-11D3-BF4B-00C04F79EFBC}") = "DrinkPlanerApp", "DrinkPlanerApp\DrinkPlanerApp\DrinkPlanerApp.csproj", "{1ED89296-C3F5-4C1E-A074-02311B680361}"
EndProject
Project("{FAE04EC0-301F-11D3-BF4B-00C04F79EFBC}") = "DrinkPlanerApp.iOS", "DrinkPlanerApp\DrinkPlanerApp.iOS\DrinkPlanerApp.iOS.csproj", "{02B570D2-7895-4E01-A847-07E54939C5AA}"
EndProject
Global
	GlobalSection(SolutionConfigurationPlatforms) = preSolution
		Ad-Hoc|Any CPU = Ad-Hoc|Any CPU
		Ad-Hoc|iPhone = Ad-Hoc|iPhone
		Ad-Hoc|iPhoneSimulator = Ad-Hoc|iPhoneSimulator
		AppStore|Any CPU = AppStore|Any CPU
		AppStore|iPhone = AppStore|iPhone
		AppStore|iPhoneSimulator = AppStore|iPhoneSimulator
		Debug|Any CPU = Debug|Any CPU
		Debug|iPhone = Debug|iPhone
		Debug|iPhoneSimulator = Debug|iPhoneSimulator
		Release|Any CPU = Release|Any CPU
		Release|iPhone = Release|iPhone
		Release|iPhoneSimulator = Release|iPhoneSimulator
	EndGlobalSection
	GlobalSection(ProjectConfigurationPlatforms) = postSolution
		{67F9D3A8-F71E-4428-913F-C37AE82CDB24}.Ad-Hoc|Any CPU.ActiveCfg = Release|Any CPU
		{67F9D3A8-F71E-4428-913F-C37AE82CDB24}.Ad-Hoc|Any CPU.Build.0 = Release|Any CPU
		{67F9D3A8-F71E-4428-913F-C37AE82CDB24}.Ad-Hoc|iPhone.ActiveCfg = Release|Any CPU
		{67F9D3A8-F71E-4428-913F-C37AE82CDB24}.Ad-Hoc|iPhone.Build.0 = Release|Any CPU
		{67F9D3A8-F71E-4428-913F-C37AE82CDB24}.Ad-Hoc|iPhoneSimulator.ActiveCfg = Release|Any CPU
		{67F9D3A8-F71E-4428-913F-C37AE82CDB24}.Ad-Hoc|iPhoneSimulator.Build.0 = Release|Any CPU
		{67F9D3A8-F71E-4428-913F-C37AE82CDB24}.AppStore|Any CPU.ActiveCfg = Release|Any CPU
		{67F9D3A8-F71E-4428-913F-C37AE82CDB24}.AppStore|Any CPU.Build.0 = Release|Any CPU
		{67F9D3A8-F71E-4428-913F-C37AE82CDB24}.AppStore|iPhone.ActiveCfg = Release|Any CPU
		{67F9D3A8-F71E-4428-913F-C37AE82CDB24}.AppStore|iPhone.Build.0 = Release|Any CPU
		{67F9D3A8-F71E-4428-913F-C37AE82CDB24}.AppStore|iPhoneSimulator.ActiveCfg = Release|Any CPU
		{67F9D3A8-F71E-4428-913F-C37AE82CDB24}.AppStore|iPhoneSimulator.Build.0 = Release|Any CPU
		{67F9D3A8-F71E-4428-913F-C37AE82CDB24}.Debug|Any CPU.ActiveCfg = Debug|Any CPU
		{67F9D3A8-F71E-4428-913F-C37AE82CDB24}.Debug|Any CPU.Build.0 = Debug|Any CPU
		{67F9D3A8-F71E-4428-913F-C37AE82CDB24}.Debug|iPhone.ActiveCfg = Debug|Any CPU
		{67F9D3A8-F71E-4428-913F-C37AE82CDB24}.Debug|iPhone.Build.0 = Debug|Any CPU
		{67F9D3A8-F71E-4428-913F-C37AE82CDB24}.Debug|iPhoneSimulator.ActiveCfg = Debug|Any CPU
		{67F9D3A8-F71E-4428-913F-C37AE82CDB24}.Debug|iPhoneSimulator.Build.0 = Debug|Any CPU
		{67F9D3A8-F71E-4428-913F-C37AE82CDB24}.Release|Any CPU.ActiveCfg = Release|Any CPU
		{67F9D3A8-F71E-4428-913F-C37AE82CDB24}.Release|Any CPU.Build.0 = Release|Any CPU
		{67F9D3A8-F71E-4428-913F-C37AE82CDB24}.Release|iPhone.ActiveCfg = Release|Any CPU
		{67F9D3A8-F71E-4428-913F-C37AE82CDB24}.Release|iPhone.Build.0 = Release|Any CPU
		{67F9D3A8-F71E-4428-913F-C37AE82CDB24}.Release|iPhoneSimulator.ActiveCfg = Release|Any CPU
		{67F9D3A8-F71E-4428-913F-C37AE82CDB24}.Release|iPhoneSimulator.Build.0 = Release|Any CPU
		{82E7C43B-BB8E-4249-BF0D-186D91C4B7E7}.Ad-Hoc|Any CPU.ActiveCfg = Release|Any CPU
		{82E7C43B-BB8E-4249-BF0D-186D91C4B7E7}.Ad-Hoc|Any CPU.Build.0 = Release|Any CPU
		{82E7C43B-BB8E-4249-BF0D-186D91C4B7E7}.Ad-Hoc|iPhone.ActiveCfg = Release|Any CPU
		{82E7C43B-BB8E-4249-BF0D-186D91C4B7E7}.Ad-Hoc|iPhone.Build.0 = Release|Any CPU
		{82E7C43B-BB8E-4249-BF0D-186D91C4B7E7}.Ad-Hoc|iPhoneSimulator.ActiveCfg = Release|Any CPU
		{82E7C43B-BB8E-4249-BF0D-186D91C4B7E7}.Ad-Hoc|iPhoneSimulator.Build.0 = Release|Any CPU
		{82E7C43B-BB8E-4249-BF0D-186D91C4B7E7}.AppStore|Any CPU.ActiveCfg = Release|Any CPU
		{82E7C43B-BB8E-4249-BF0D-186D91C4B7E7}.AppStore|Any CPU.Build.0 = Release|Any CPU
		{82E7C43B-BB8E-4249-BF0D-186D91C4B7E7}.AppStore|iPhone.ActiveCfg = Release|Any CPU
		{82E7C43B-BB8E-4249-BF0D-186D91C4B7E7}.AppStore|iPhone.Build.0 = Release|Any CPU
		{82E7C43B-BB8E-4249-BF0D-186D91C4B7E7}.AppStore|iPhoneSimulator.ActiveCfg = Release|Any CPU
		{82E7C43B-BB8E-4249-BF0D-186D91C4B7E7}.AppStore|iPhoneSimulator.Build.0 = Release|Any CPU
		{82E7C43B-BB8E-4249-BF0D-186D91C4B7E7}.Debug|Any CPU.ActiveCfg = Debug|Any CPU
		{82E7C43B-BB8E-4249-BF0D-186D91C4B7E7}.Debug|Any CPU.Build.0 = Debug|Any CPU
		{82E7C43B-BB8E-4249-BF0D-186D91C4B7E7}.Debug|iPhone.ActiveCfg = Debug|Any CPU
		{82E7C43B-BB8E-4249-BF0D-186D91C4B7E7}.Debug|iPhone.Build.0 = Debug|Any CPU
		{82E7C43B-BB8E-4249-BF0D-186D91C4B7E7}.Debug|iPhoneSimulator.ActiveCfg = Debug|Any CPU
		{82E7C43B-BB8E-4249-BF0D-186D91C4B7E7}.Debug|iPhoneSimulator.Build.0 = Debug|Any CPU
		{82E7C43B-BB8E-4249-BF0D-186D91C4B7E7}.Release|Any CPU.ActiveCfg = Release|Any CPU
		{82E7C43B-BB8E-4249-BF0D-186D91C4B7E7}.Release|Any CPU.Build.0 = Release|Any CPU
		{82E7C43B-BB8E-4249-BF0D-186D91C4B7E7}.Release|iPhone.ActiveCfg = Release|Any CPU
		{82E7C43B-BB8E-4249-BF0D-186D91C4B7E7}.Release|iPhone.Build.0 = Release|Any CPU
		{82E7C43B-BB8E-4249-BF0D-186D91C4B7E7}.Release|iPhoneSimulator.ActiveCfg = Release|Any CPU
		{82E7C43B-BB8E-4249-BF0D-186D91C4B7E7}.Release|iPhoneSimulator.Build.0 = Release|Any CPU
		{F4720C03-F250-4D0A-9B2E-9F1A2B971D73}.Ad-Hoc|Any CPU.ActiveCfg = Release|Any CPU
		{F4720C03-F250-4D0A-9B2E-9F1A2B971D73}.Ad-Hoc|Any CPU.Build.0 = Release|Any CPU
		{F4720C03-F250-4D0A-9B2E-9F1A2B971D73}.Ad-Hoc|Any CPU.Deploy.0 = Release|Any CPU
		{F4720C03-F250-4D0A-9B2E-9F1A2B971D73}.Ad-Hoc|iPhone.ActiveCfg = Release|Any CPU
		{F4720C03-F250-4D0A-9B2E-9F1A2B971D73}.Ad-Hoc|iPhone.Build.0 = Release|Any CPU
		{F4720C03-F250-4D0A-9B2E-9F1A2B971D73}.Ad-Hoc|iPhone.Deploy.0 = Release|Any CPU
		{F4720C03-F250-4D0A-9B2E-9F1A2B971D73}.Ad-Hoc|iPhoneSimulator.ActiveCfg = Release|Any CPU
		{F4720C03-F250-4D0A-9B2E-9F1A2B971D73}.Ad-Hoc|iPhoneSimulator.Build.0 = Release|Any CPU
		{F4720C03-F250-4D0A-9B2E-9F1A2B971D73}.Ad-Hoc|iPhoneSimulator.Deploy.0 = Release|Any CPU
		{F4720C03-F250-4D0A-9B2E-9F1A2B971D73}.AppStore|Any CPU.ActiveCfg = Release|Any CPU
		{F4720C03-F250-4D0A-9B2E-9F1A2B971D73}.AppStore|Any CPU.Build.0 = Release|Any CPU
		{F4720C03-F250-4D0A-9B2E-9F1A2B971D73}.AppStore|Any CPU.Deploy.0 = Release|Any CPU
		{F4720C03-F250-4D0A-9B2E-9F1A2B971D73}.AppStore|iPhone.ActiveCfg = Release|Any CPU
		{F4720C03-F250-4D0A-9B2E-9F1A2B971D73}.AppStore|iPhone.Build.0 = Release|Any CPU
		{F4720C03-F250-4D0A-9B2E-9F1A2B971D73}.AppStore|iPhone.Deploy.0 = Release|Any CPU
		{F4720C03-F250-4D0A-9B2E-9F1A2B971D73}.AppStore|iPhoneSimulator.ActiveCfg = Release|Any CPU
		{F4720C03-F250-4D0A-9B2E-9F1A2B971D73}.AppStore|iPhoneSimulator.Build.0 = Release|Any CPU
		{F4720C03-F250-4D0A-9B2E-9F1A2B971D73}.AppStore|iPhoneSimulator.Deploy.0 = Release|Any CPU
		{F4720C03-F250-4D0A-9B2E-9F1A2B971D73}.Debug|Any CPU.ActiveCfg = Debug|Any CPU
		{F4720C03-F250-4D0A-9B2E-9F1A2B971D73}.Debug|Any CPU.Build.0 = Debug|Any CPU
		{F4720C03-F250-4D0A-9B2E-9F1A2B971D73}.Debug|Any CPU.Deploy.0 = Debug|Any CPU
		{F4720C03-F250-4D0A-9B2E-9F1A2B971D73}.Debug|iPhone.ActiveCfg = Debug|Any CPU
		{F4720C03-F250-4D0A-9B2E-9F1A2B971D73}.Debug|iPhone.Build.0 = Debug|Any CPU
		{F4720C03-F250-4D0A-9B2E-9F1A2B971D73}.Debug|iPhone.Deploy.0 = Debug|Any CPU
		{F4720C03-F250-4D0A-9B2E-9F1A2B971D73}.Debug|iPhoneSimulator.ActiveCfg = Debug|Any CPU
		{F4720C03-F250-4D0A-9B2E-9F1A2B971D73}.Debug|iPhoneSimulator.Build.0 = Debug|Any CPU
		{F4720C03-F250-4D0A-9B2E-9F1A2B971D73}.Debug|iPhoneSimulator.Deploy.0 = Debug|Any CPU
		{F4720C03-F250-4D0A-9B2E-9F1A2B971D73}.Release|Any CPU.ActiveCfg = Release|Any CPU
		{F4720C03-F250-4D0A-9B2E-9F1A2B971D73}.Release|Any CPU.Build.0 = Release|Any CPU
		{F4720C03-F250-4D0A-9B2E-9F1A2B971D73}.Release|Any CPU.Deploy.0 = Release|Any CPU
		{F4720C03-F250-4D0A-9B2E-9F1A2B971D73}.Release|iPhone.ActiveCfg = Release|Any CPU
		{F4720C03-F250-4D0A-9B2E-9F1A2B971D73}.Release|iPhone.Build.0 = Release|Any CPU
		{F4720C03-F250-4D0A-9B2E-9F1A2B971D73}.Release|iPhone.Deploy.0 = Release|Any CPU
		{F4720C03-F250-4D0A-9B2E-9F1A2B971D73}.Release|iPhoneSimulator.ActiveCfg = Release|Any CPU
		{F4720C03-F250-4D0A-9B2E-9F1A2B971D73}.Release|iPhoneSimulator.Build.0 = Release|Any CPU
		{F4720C03-F250-4D0A-9B2E-9F1A2B971D73}.Release|iPhoneSimulator.Deploy.0 = Release|Any CPU
		{1ED89296-C3F5-4C1E-A074-02311B680361}.Ad-Hoc|Any CPU.ActiveCfg = Release|Any CPU
		{1ED89296-C3F5-4C1E-A074-02311B680361}.Ad-Hoc|Any CPU.Build.0 = Release|Any CPU
		{1ED89296-C3F5-4C1E-A074-02311B680361}.Ad-Hoc|iPhone.ActiveCfg = Release|Any CPU
		{1ED89296-C3F5-4C1E-A074-02311B680361}.Ad-Hoc|iPhone.Build.0 = Release|Any CPU
		{1ED89296-C3F5-4C1E-A074-02311B680361}.Ad-Hoc|iPhoneSimulator.ActiveCfg = Release|Any CPU
		{1ED89296-C3F5-4C1E-A074-02311B680361}.Ad-Hoc|iPhoneSimulator.Build.0 = Release|Any CPU
		{1ED89296-C3F5-4C1E-A074-02311B680361}.AppStore|Any CPU.ActiveCfg = Release|Any CPU
		{1ED89296-C3F5-4C1E-A074-02311B680361}.AppStore|Any CPU.Build.0 = Release|Any CPU
		{1ED89296-C3F5-4C1E-A074-02311B680361}.AppStore|iPhone.ActiveCfg = Release|Any CPU
		{1ED89296-C3F5-4C1E-A074-02311B680361}.AppStore|iPhone.Build.0 = Release|Any CPU
		{1ED89296-C3F5-4C1E-A074-02311B680361}.AppStore|iPhoneSimulator.ActiveCfg = Release|Any CPU
		{1ED89296-C3F5-4C1E-A074-02311B680361}.AppStore|iPhoneSimulator.Build.0 = Release|Any CPU
		{1ED89296-C3F5-4C1E-A074-02311B680361}.Debug|Any CPU.ActiveCfg = Debug|Any CPU
		{1ED89296-C3F5-4C1E-A074-02311B680361}.Debug|Any CPU.Build.0 = Debug|Any CPU
		{1ED89296-C3F5-4C1E-A074-02311B680361}.Debug|iPhone.ActiveCfg = Debug|Any CPU
		{1ED89296-C3F5-4C1E-A074-02311B680361}.Debug|iPhone.Build.0 = Debug|Any CPU
		{1ED89296-C3F5-4C1E-A074-02311B680361}.Debug|iPhoneSimulator.ActiveCfg = Debug|Any CPU
		{1ED89296-C3F5-4C1E-A074-02311B680361}.Debug|iPhoneSimulator.Build.0 = Debug|Any CPU
		{1ED89296-C3F5-4C1E-A074-02311B680361}.Release|Any CPU.ActiveCfg = Release|Any CPU
		{1ED89296-C3F5-4C1E-A074-02311B680361}.Release|Any CPU.Build.0 = Release|Any CPU
		{1ED89296-C3F5-4C1E-A074-02311B680361}.Release|iPhone.ActiveCfg = Release|Any CPU
		{1ED89296-C3F5-4C1E-A074-02311B680361}.Release|iPhone.Build.0 = Release|Any CPU
		{1ED89296-C3F5-4C1E-A074-02311B680361}.Release|iPhoneSimulator.ActiveCfg = Release|Any CPU
		{1ED89296-C3F5-4C1E-A074-02311B680361}.Release|iPhoneSimulator.Build.0 = Release|Any CPU
		{02B570D2-7895-4E01-A847-07E54939C5AA}.Ad-Hoc|Any CPU.ActiveCfg = Ad-Hoc|iPhone
		{02B570D2-7895-4E01-A847-07E54939C5AA}.Ad-Hoc|iPhone.ActiveCfg = Ad-Hoc|iPhone
		{02B570D2-7895-4E01-A847-07E54939C5AA}.Ad-Hoc|iPhone.Build.0 = Ad-Hoc|iPhone
		{02B570D2-7895-4E01-A847-07E54939C5AA}.Ad-Hoc|iPhoneSimulator.ActiveCfg = Ad-Hoc|iPhoneSimulator
		{02B570D2-7895-4E01-A847-07E54939C5AA}.Ad-Hoc|iPhoneSimulator.Build.0 = Ad-Hoc|iPhoneSimulator
		{02B570D2-7895-4E01-A847-07E54939C5AA}.AppStore|Any CPU.ActiveCfg = AppStore|iPhone
		{02B570D2-7895-4E01-A847-07E54939C5AA}.AppStore|iPhone.ActiveCfg = AppStore|iPhone
		{02B570D2-7895-4E01-A847-07E54939C5AA}.AppStore|iPhone.Build.0 = AppStore|iPhone
		{02B570D2-7895-4E01-A847-07E54939C5AA}.AppStore|iPhoneSimulator.ActiveCfg = AppStore|iPhoneSimulator
		{02B570D2-7895-4E01-A847-07E54939C5AA}.AppStore|iPhoneSimulator.Build.0 = AppStore|iPhoneSimulator
		{02B570D2-7895-4E01-A847-07E54939C5AA}.Debug|Any CPU.ActiveCfg = Debug|iPhone
		{02B570D2-7895-4E01-A847-07E54939C5AA}.Debug|iPhone.ActiveCfg = Debug|iPhone
		{02B570D2-7895-4E01-A847-07E54939C5AA}.Debug|iPhone.Build.0 = Debug|iPhone
		{02B570D2-7895-4E01-A847-07E54939C5AA}.Debug|iPhoneSimulator.ActiveCfg = Debug|iPhoneSimulator
		{02B570D2-7895-4E01-A847-07E54939C5AA}.Debug|iPhoneSimulator.Build.0 = Debug|iPhoneSimulator
		{02B570D2-7895-4E01-A847-07E54939C5AA}.Release|Any CPU.ActiveCfg = Release|iPhone
		{02B570D2-7895-4E01-A847-07E54939C5AA}.Release|iPhone.ActiveCfg = Release|iPhone
		{02B570D2-7895-4E01-A847-07E54939C5AA}.Release|iPhone.Build.0 = Release|iPhone
		{02B570D2-7895-4E01-A847-07E54939C5AA}.Release|iPhoneSimulator.ActiveCfg = Release|iPhoneSimulator
		{02B570D2-7895-4E01-A847-07E54939C5AA}.Release|iPhoneSimulator.Build.0 = Release|iPhoneSimulator
	EndGlobalSection
	GlobalSection(SolutionProperties) = preSolution
		HideSolutionNode = FALSE
	EndGlobalSection
EndGlobal
